
Microsoft Visual Studio Solution File, Format Version 12.00
# Visual Studio Version 16
VisualStudioVersion = 16.0.31424.327
MinimumVisualStudioVersion = 10.0.40219.1
Project("{FAE04EC0-301F-11D3-BF4B-00C04F79EFBC}") = "SpyDuh.API", "SpyDuh.API\SpyDuh.API.csproj", "{57F0F917-D09B-49F5-8FA2-77240D7F6848}"
EndProject
Global
	GlobalSection(SolutionConfigurationPlatforms) = preSolution
		Debug|Any CPU = Debug|Any CPU
		Release|Any CPU = Release|Any CPU
	EndGlobalSection
	GlobalSection(ProjectConfigurationPlatforms) = postSolution
		{57F0F917-D09B-49F5-8FA2-77240D7F6848}.Debug|Any CPU.ActiveCfg = Debug|Any CPU
		{57F0F917-D09B-49F5-8FA2-77240D7F6848}.Debug|Any CPU.Build.0 = Debug|Any CPU
		{57F0F917-D09B-49F5-8FA2-77240D7F6848}.Release|Any CPU.ActiveCfg = Release|Any CPU
		{57F0F917-D09B-49F5-8FA2-77240D7F6848}.Release|Any CPU.Build.0 = Release|Any CPU
	EndGlobalSection
	GlobalSection(SolutionProperties) = preSolution
		HideSolutionNode = FALSE
	EndGlobalSection
	GlobalSection(ExtensibilityGlobals) = postSolution
		SolutionGuid = {D9184F44-3DB8-46A1-9B5A-28448C5E04EF}
	EndGlobalSection
EndGlobal
